<Solution>
  <Folder Name="/Task0/">
    <Project Path="ConsoleApp1/Tyuiu.ShurlyginDS.Sprint0.Task0.V0.csproj" Id="d2d053bf-729c-4d61-abd3-24bf32e35454" />
  </Folder>
  <Folder Name="/Task1/">
    <Project Path="Tyuiu.ShurlyginDS.Sprint0.Task1.V0/Tyuiu.ShurlyginDS.Sprint0.Task1.V0.csproj" Id="f342deed-f39b-4530-b0f8-3528a30a4394" />
  </Folder>
</Solution>
